PODS:
  - MBProgressHUD (0.9.2)
  - SDWebImage (4.1.1):
    - SDWebImage/Core (= 4.1.1)
  - SDWebImage/Core (4.1.1)

DEPENDENCIES:
  - MBProgressHUD (~> 0.9.1)
  - SDWebImage (~> 4.1.0)

SPEC CHECKSUMS:
  MBProgressHUD: 1569cf7ace17a8bac47aabfbb8580a49690386d1
  SDWebImage: caf91ee75671c95eb7b3073cd90649d25f852a88

PODFILE CHECKSUM: af6a56e7112d93b11dff8c528c6f49b3b532490a

COCOAPODS: 1.2.1
